
Microsoft Visual Studio Solution File, Format Version 12.00
# Visual Studio Version 17
VisualStudioVersion = 17.6.33723.286
MinimumVisualStudioVersion = 10.0.40219.1
Project("{FAE04EC0-301F-11D3-BF4B-00C04F79EFBC}") = "AplicacionWeb", "AplicacionWeb\AplicacionWeb.csproj", "{87A14DAA-408D-41B3-A2BC-424615611588}"
EndProject
Project("{9A19103F-16F7-4668-BE54-9A1E7A4F7556}") = "Apis", "Apis\Apis.csproj", "{1CBC1EB5-1529-4FAD-A36D-6BA15382CB3E}"
EndProject
Project("{9A19103F-16F7-4668-BE54-9A1E7A4F7556}") = "LogicaNegocio", "LogicaNegocio\LogicaNegocio.csproj", "{E4AAD090-3C1E-466E-8202-C1F80CB3D0B1}"
EndProject
Project("{9A19103F-16F7-4668-BE54-9A1E7A4F7556}") = "AccesoDatos", "AccesoDatos\AccesoDatos.csproj", "{ECCC3A27-93A5-4BE8-876E-C68F834A6DB8}"
	ProjectSection(ProjectDependencies) = postProject
		{4BC7700D-072C-4383-BE4E-179EC02E71AF} = {4BC7700D-072C-4383-BE4E-179EC02E71AF}
		{0670CF53-E344-48D3-8ACF-5E389F9D241C} = {0670CF53-E344-48D3-8ACF-5E389F9D241C}
	EndProjectSection
EndProject
Project("{9A19103F-16F7-4668-BE54-9A1E7A4F7556}") = "Entidades", "Entidades\Entidades.csproj", "{0670CF53-E344-48D3-8ACF-5E389F9D241C}"
EndProject
Project("{2150E333-8FDC-42A3-9474-1A3956D46DE8}") = "1. CapaWeb", "1. CapaWeb", "{A0FBBD94-CF67-41D2-80EF-B20C33D05063}"
EndProject
Project("{2150E333-8FDC-42A3-9474-1A3956D46DE8}") = "2. CapaApis", "2. CapaApis", "{403B661C-B8BD-451B-A921-D3E01B8637B0}"
EndProject
Project("{2150E333-8FDC-42A3-9474-1A3956D46DE8}") = "3. CapaNegocio", "3. CapaNegocio", "{49E1EE50-09C7-4CBC-BD56-3EE7254A763F}"
EndProject
Project("{2150E333-8FDC-42A3-9474-1A3956D46DE8}") = "4. CapaDatos", "4. CapaDatos", "{2B985990-6420-419B-9E1F-EAA451976664}"
EndProject
Project("{2150E333-8FDC-42A3-9474-1A3956D46DE8}") = "5. CapaEntidad", "5. CapaEntidad", "{0C4DDE8F-EF49-4B24-9914-E8B934841E9C}"
EndProject
Project("{9A19103F-16F7-4668-BE54-9A1E7A4F7556}") = "Configuracion", "Configuracion\Configuracion.csproj", "{4BC7700D-072C-4383-BE4E-179EC02E71AF}"
EndProject
Project("{2150E333-8FDC-42A3-9474-1A3956D46DE8}") = "6. Configuracion", "6. Configuracion", "{3ABD29A1-3F36-4FEB-AE7E-7A858577CD9D}"
EndProject
Project("{FAE04EC0-301F-11D3-BF4B-00C04F79EFBC}") = "Utilitarios", "Utilitarios\Utilitarios.csproj", "{1A1B0E58-88E4-4AB9-BD92-C0078846F959}"
EndProject
Project("{2150E333-8FDC-42A3-9474-1A3956D46DE8}") = "7. Utilitarios", "7. Utilitarios", "{CDE7C445-2786-4563-9EA1-A06F3E4EE035}"
EndProject
Global
	GlobalSection(SolutionConfigurationPlatforms) = preSolution
		Debug|Any CPU = Debug|Any CPU
		Release|Any CPU = Release|Any CPU
	EndGlobalSection
	GlobalSection(ProjectConfigurationPlatforms) = postSolution
		{87A14DAA-408D-41B3-A2BC-424615611588}.Debug|Any CPU.ActiveCfg = Debug|Any CPU
		{87A14DAA-408D-41B3-A2BC-424615611588}.Debug|Any CPU.Build.0 = Debug|Any CPU
		{87A14DAA-408D-41B3-A2BC-424615611588}.Release|Any CPU.ActiveCfg = Release|Any CPU
		{87A14DAA-408D-41B3-A2BC-424615611588}.Release|Any CPU.Build.0 = Release|Any CPU
		{1CBC1EB5-1529-4FAD-A36D-6BA15382CB3E}.Debug|Any CPU.ActiveCfg = Debug|Any CPU
		{1CBC1EB5-1529-4FAD-A36D-6BA15382CB3E}.Debug|Any CPU.Build.0 = Debug|Any CPU
		{1CBC1EB5-1529-4FAD-A36D-6BA15382CB3E}.Release|Any CPU.ActiveCfg = Release|Any CPU
		{1CBC1EB5-1529-4FAD-A36D-6BA15382CB3E}.Release|Any CPU.Build.0 = Release|Any CPU
		{E4AAD090-3C1E-466E-8202-C1F80CB3D0B1}.Debug|Any CPU.ActiveCfg = Debug|Any CPU
		{E4AAD090-3C1E-466E-8202-C1F80CB3D0B1}.Debug|Any CPU.Build.0 = Debug|Any CPU
		{E4AAD090-3C1E-466E-8202-C1F80CB3D0B1}.Release|Any CPU.ActiveCfg = Release|Any CPU
		{E4AAD090-3C1E-466E-8202-C1F80CB3D0B1}.Release|Any CPU.Build.0 = Release|Any CPU
		{ECCC3A27-93A5-4BE8-876E-C68F834A6DB8}.Debug|Any CPU.ActiveCfg = Debug|Any CPU
		{ECCC3A27-93A5-4BE8-876E-C68F834A6DB8}.Debug|Any CPU.Build.0 = Debug|Any CPU
		{ECCC3A27-93A5-4BE8-876E-C68F834A6DB8}.Release|Any CPU.ActiveCfg = Release|Any CPU
		{ECCC3A27-93A5-4BE8-876E-C68F834A6DB8}.Release|Any CPU.Build.0 = Release|Any CPU
		{0670CF53-E344-48D3-8ACF-5E389F9D241C}.Debug|Any CPU.ActiveCfg = Debug|Any CPU
		{0670CF53-E344-48D3-8ACF-5E389F9D241C}.Debug|Any CPU.Build.0 = Debug|Any CPU
		{0670CF53-E344-48D3-8ACF-5E389F9D241C}.Release|Any CPU.ActiveCfg = Release|Any CPU
		{0670CF53-E344-48D3-8ACF-5E389F9D241C}.Release|Any CPU.Build.0 = Release|Any CPU
		{4BC7700D-072C-4383-BE4E-179EC02E71AF}.Debug|Any CPU.ActiveCfg = Debug|Any CPU
		{4BC7700D-072C-4383-BE4E-179EC02E71AF}.Debug|Any CPU.Build.0 = Debug|Any CPU
		{4BC7700D-072C-4383-BE4E-179EC02E71AF}.Release|Any CPU.ActiveCfg = Release|Any CPU
		{4BC7700D-072C-4383-BE4E-179EC02E71AF}.Release|Any CPU.Build.0 = Release|Any CPU
		{1A1B0E58-88E4-4AB9-BD92-C0078846F959}.Debug|Any CPU.ActiveCfg = Debug|Any CPU
		{1A1B0E58-88E4-4AB9-BD92-C0078846F959}.Debug|Any CPU.Build.0 = Debug|Any CPU
		{1A1B0E58-88E4-4AB9-BD92-C0078846F959}.Release|Any CPU.ActiveCfg = Release|Any CPU
		{1A1B0E58-88E4-4AB9-BD92-C0078846F959}.Release|Any CPU.Build.0 = Release|Any CPU
	EndGlobalSection
	GlobalSection(SolutionProperties) = preSolution
		HideSolutionNode = FALSE
	EndGlobalSection
	GlobalSection(NestedProjects) = preSolution
		{87A14DAA-408D-41B3-A2BC-424615611588} = {A0FBBD94-CF67-41D2-80EF-B20C33D05063}
		{1CBC1EB5-1529-4FAD-A36D-6BA15382CB3E} = {403B661C-B8BD-451B-A921-D3E01B8637B0}
		{E4AAD090-3C1E-466E-8202-C1F80CB3D0B1} = {49E1EE50-09C7-4CBC-BD56-3EE7254A763F}
		{ECCC3A27-93A5-4BE8-876E-C68F834A6DB8} = {2B985990-6420-419B-9E1F-EAA451976664}
		{0670CF53-E344-48D3-8ACF-5E389F9D241C} = {0C4DDE8F-EF49-4B24-9914-E8B934841E9C}
		{4BC7700D-072C-4383-BE4E-179EC02E71AF} = {3ABD29A1-3F36-4FEB-AE7E-7A858577CD9D}
		{1A1B0E58-88E4-4AB9-BD92-C0078846F959} = {CDE7C445-2786-4563-9EA1-A06F3E4EE035}
	EndGlobalSection
	GlobalSection(ExtensibilityGlobals) = postSolution
		SolutionGuid = {35C79378-4278-4AE1-BA59-A10A2BAC4C97}
	EndGlobalSection
EndGlobal
